{
    "_meta": {
        "hash": {
            "sha256": "417bd04868416a833187cb342faac78213c1880483940d8c5fd74fa6a85793b9"
        },
        "pipfile-spec": 6,
        "requires": {
            "python_version": "3.9"
        },
        "sources": [
            {
                "name": "pypi",
                "url": "https://pypi.org/simple",
                "verify_ssl": true
            }
        ]
    },
    "default": {
        "contourpy": {
            "hashes": [
                "sha256:0389349875424aa8c5e61f757e894687916bc4e9616cc6afcbd8051aa2428952",
                "sha256:0395ae71164bfeb2dedd136e03c71a2718a5aa9873a46f518f4133be0d63e1d2",
                "sha256:057114f698ffb9e54657e8fda6802e2f5c8fad609845cf6afaf31590ef6a33c0",
                "sha256:061e1f066c419ffe25b615a1df031b4832ea1d7f2676937e69e8e00e24512005",
                "sha256:06c4d1dde5ee4f909a8a95ba1eb04040c6c26946b4f3b5beaf10d45f14e940ee",
                "sha256:09ed9b63f4df8a7591b7a4a26c1ad066dcaafda1f846250fdcb534074a411692",
                "sha256:0f7672148f8fca48e4efc16aba24a7455b40c22d4f8abe42475dec6a12b0bb9a",
                "sha256:0f89f0608a5aa8142ed0e53957916623791a88c7f5e5f07ae530c328beeb888f",
                "sha256:128bd7acf569f8443ad5b2227f30ac909e4f5399ed221727eeacf0c6476187e6",
                "sha256:19ea64fa0cf389d2ebc10974616acfa1fdecbd73d1fd9c72215b782f3c40f561",
                "sha256:1fb782982c42cee667b892a0b0c52a9f6c7ecf1da5c5f4345845f04eaa862f93",
                "sha256:218722a29c5c26677d37c44f5f8a372daf6f07870aad793a97d47eb6ad6b3290",
                "sha256:2b5e334330d82866923015b455260173cb3b9e3b4e297052d758abd262031289",
                "sha256:2bf5c846c257578b03d498b20f54f53551616a507d8e5463511c58bb58e9a9cf",
                "sha256:2d0ad9a85f208473b1f3613c45756c7aa6fcc288266a8c7b873f896aaf741b6b",
                "sha256:2f54dcc9bb9390fd0636301ead134d46d5229fe86da0db4d974c0fda349f560e",
                "sha256:3109fa601d2a448cec4643abd3a31f972bf05b7c2f2e83df9d3429878f8c10ae",
                "sha256:3210d93ad2af742b6a96cf39792f7181822edbb8fe11c3ef29d1583fe637a8d8",
                "sha256:3b3082ade8849130203d461b98c2a061b382c46074b43b4edd5cefd81af92b8a",
                "sha256:3c3f2f6b898a40207843ae01970e57e33d22a26b22f23c6a5e07b4716751085f",
                "sha256:3ca40d7844b391d90b864c6a6d1bb6b88b09035fb4d866d64d43c4d26fb0ab64",
                "sha256:3cfc067ddde78b76dcbc9684d82688b7d3c5158fa2254a085f9bcb9586c1e2d8",
                "sha256:434942fa2f9019b9ae525fb752dc523800c49a1a28fbd6d9240b0fa959573dcc",
                "sha256:46b8e24813e2fb5a3e598c1f8b9ae403e1438cb846a80cc2b33cddf19dddd7f2",
                "sha256:59c827e536bb5e3ef58e06da0faba61fd89a14f30b68bcfeca41f43ca83a1942",
                "sha256:60f37acd4e4227c5a29f737d9a85ca3145c529a8dd4bf70af7f0637c61b49222",
                "sha256:689d7d2a840619915d0abd1ecc6e399fee202f8ad315acda2807f4ca420d0802",
                "sha256:6c02e22cf09996194bcb3a4784099975cf527d5c29caf759abadf29ebdb2fe27",
                "sha256:79908b9d02b1d6c1c71ff3b7ad127f3f82e14a8e091ab44b3c7e34b649fea733",
                "sha256:7c9e99aac7b430f6a9f15eebf058c742097cea3369f23a2bfc5e64d374b67e3a",
                "sha256:813c2944e940ef8dccea71305bacc942d4b193a021140874b3e58933ec44f5b6",
                "sha256:87121b9428ac568fb84fae4af5e7852fc34f02eadc4e3e91f6c8989327692186",
                "sha256:896631cd40222aef3697e4e51177d14c3709fda49d30983269d584f034acc8a4",
                "sha256:970a4be7ec84ccda7c27cb4ae74930bbbd477bc8d849ed55ea798084dd5fca8c",
                "sha256:9939796abcadb2810a63dfb26ff8ca4595fe7dd70a3ceae7f607a2639b714307",
                "sha256:99a8071e351b50827ad976b92ed91845fb614ac67a3c41109b24f3d8bd3afada",
                "sha256:9c16fa267740d67883899e054cccb4279e002f3f4872873b752c1ba15045ff49",
                "sha256:a30e95274f5c0e007ccc759ec258aa5708c534ec058f153ee25ac700a2f1438b",
                "sha256:a74afd8d560eaafe0d9e3e1db8c06081282a05ca4de00ee416195085a79d7d3d",
                "sha256:b46a04588ceb7cf132568e0e564a854627ef87a1ed3bf536234540a79ced44b0",
                "sha256:b4963cf08f4320d98ae72ec7694291b8ab85cb7da3b0cd824bc32701bc992edf",
                "sha256:b50e481a4317a8efcfffcfddcd4c9b36eacba440440e70cbe0256aeb6fd6abae",
                "sha256:b85553699862c09937a7a5ea14ee6229087971a7d51ae97d5f4b407f571a2c17",
                "sha256:bcc98d397c3dea45d5b262029564b29cb8e945f2607a38bee6163694c0a8b4ef",
                "sha256:bed3a2a823a041e8d249b1a7ec132933e1505299329b5cfe1b2b5ec689ec7675",
                "sha256:bf6b4c0c723664f65c2a47c8cb6ebbf660b0b2e2d936adf2e8503d4e93359465",
                "sha256:bfd634cb9685161b2a51f73a7fc4736fd0d67a56632d52319317afaa27f08243",
                "sha256:c0d5ee865b5fd16bf62d72122aadcc90aab296c30c1adb0a32b4b66bd843163e",
                "sha256:c2b4eab7c12f9cb460509bc34a3b086f9802f0dba27c89a63df4123819ad64af",
                "sha256:c51568e94f7f232296de30002f2a50f77a7bd346673da3e4f2aaf9d2b833f2e5",
                "sha256:c5158616ab39d34b76c50f40c81552ee180598f7825dc7a66fd187d29958820f",
                "sha256:cdacddb18d55ffec42d1907079cdc04ec4fa8a990cdf5b9d9fe67d281fc0d12e",
                "sha256:ce763369e646e59e4ca2c09735cd1bdd3048d909ad5f2bc116e83166a9352f3c",
                "sha256:d45822b0a2a452327ab4f95efe368d234d5294bbf89a99968be27c7938a21108",
                "sha256:d8150579bf30cdf896906baf256aa200cd50dbe6e565c17d6fd3d678e21ff5de",
                "sha256:d88814befbd1433152c5f6dd536905149ba028d795a22555b149ae0a36024d9e",
                "sha256:dca5be83a6dfaf933a46e3bc2b9f2685e5ec61b22f6a38ad740aac9c16e9a0ff",
                "sha256:dd084459ecdb224e617e4ab3f1d5ebe4d1c48facb41f24952b76aa6ba9712bb0",
                "sha256:def9a01b73c9e27d70ea03b381fb3e7aadfac1f398dbd63751313c3a46747ef5",
                "sha256:df65f4b2b4e74977f0336bef12a88051ab24e6a16873cd9249f34d67cb3e345d",
                "sha256:dfe924e5a63861c82332a12adeeab955dc8c8009ddbbd80cc2fcca049ff89a49",
                "sha256:e67dcaa34dcd908fcccbf49194211d847c731b6ebaac661c1c889f1bf6af1e44",
                "sha256:eba62b7c21a33e72dd8adab2b92dd5610d8527f0b2ac28a8e0770e71b21a13f9",
                "sha256:ed9c91bf4ce614efed5388c3f989a7cfe08728ab871d995a486ea74ff88993db",
                "sha256:f05d311c937da03b0cd26ac3e14cb991f6ff8fc94f98b3df9713537817539795",
                "sha256:f1cc623fd6855b25da52b3275e0c9e51711b86a9dccc75f8c9ab4432fd8e42c7",
                "sha256:f670686d99c867d0f24b28ce8c6f02429c6eef5e2674aab287850d0ee2d20437",
                "sha256:f856652f9b533c6cd2b9ad6836a7fc0e43917d7ff15be46c5baf1350f8cdc5d9",
                "sha256:fb0458d74726937ead9e2effc91144aea5a58ecee9754242f8539a782bed685a"
            ],
            "markers": "python_version >= '3.7'",
            "version": "==1.0.5"
        },
        "cycler": {
            "hashes": [
                "sha256:3a27e95f763a428a739d2add979fa7494c912a32c17c4c38c4d5f082cad165a3",
                "sha256:9c87405839a19696e837b3b818fed3f5f69f16f1eec1a1ad77e043dcea9c772f"
            ],
            "markers": "python_version >= '3.6'",
            "version": "==0.11.0"
        },
        "fonttools": {
            "hashes": [
                "sha256:4606e1a88ee1f6699d182fea9511bd9a8a915d913eab4584e5226da1180fcce7",
                "sha256:fff6b752e326c15756c819fe2fe7ceab69f96a1dbcfe8911d0941cdb49905007"
            ],
            "markers": "python_version >= '3.7'",
            "version": "==4.37.1"
        },
        "joblib": {
            "hashes": [
                "sha256:4158fcecd13733f8be669be0683b96ebdbbd38d23559f54dca7205aea1bf1e35",
                "sha256:f21f109b3c7ff9d95f8387f752d0d9c34a02aa2f7060c2135f465da0e5160ff6"
            ],
            "markers": "python_version >= '3.6'",
            "version": "==1.1.0"
        },
        "kiwisolver": {
            "hashes": [
                "sha256:02f79693ec433cb4b5f51694e8477ae83b3205768a6fb48ffba60549080e295b",
                "sha256:03baab2d6b4a54ddbb43bba1a3a2d1627e82d205c5cf8f4c924dc49284b87166",
                "sha256:1041feb4cda8708ce73bb4dcb9ce1ccf49d553bf87c3954bdfa46f0c3f77252c",
                "sha256:10ee06759482c78bdb864f4109886dff7b8a56529bc1609d4f1112b93fe6423c",
                "sha256:1d1573129aa0fd901076e2bfb4275a35f5b7aa60fbfb984499d661ec950320b0",
                "sha256:283dffbf061a4ec60391d51e6155e372a1f7a4f5b15d59c8505339454f8989e4",
                "sha256:28bc5b299f48150b5f822ce68624e445040595a4ac3d59251703779836eceff9",
                "sha256:2a66fdfb34e05b705620dd567f5a03f239a088d5a3f321e7b6ac3239d22aa286",
                "sha256:2e307eb9bd99801f82789b44bb45e9f541961831c7311521b13a6c85afc09767",
                "sha256:2e407cb4bd5a13984a6c2c0fe1845e4e41e96f183e5e5cd4d77a857d9693494c",
                "sha256:2f5e60fabb7343a836360c4f0919b8cd0d6dbf08ad2ca6b9cf90bf0c76a3c4f6",
                "sha256:36dafec3d6d6088d34e2de6b85f9d8e2324eb734162fba59d2ba9ed7a2043d5b",
                "sha256:3fe20f63c9ecee44560d0e7f116b3a747a5d7203376abeea292ab3152334d004",
                "sha256:41dae968a94b1ef1897cb322b39360a0812661dba7c682aa45098eb8e193dbdf",
                "sha256:4bd472dbe5e136f96a4b18f295d159d7f26fd399136f5b17b08c4e5f498cd494",
                "sha256:4ea39b0ccc4f5d803e3337dd46bcce60b702be4d86fd0b3d7531ef10fd99a1ac",
                "sha256:5853eb494c71e267912275e5586fe281444eb5e722de4e131cddf9d442615626",
                "sha256:5bce61af018b0cb2055e0e72e7d65290d822d3feee430b7b8203d8a855e78766",
                "sha256:6295ecd49304dcf3bfbfa45d9a081c96509e95f4b9d0eb7ee4ec0530c4a96514",
                "sha256:62ac9cc684da4cf1778d07a89bf5f81b35834cb96ca523d3a7fb32509380cbf6",
                "sha256:70e7c2e7b750585569564e2e5ca9845acfaa5da56ac46df68414f29fea97be9f",
                "sha256:7577c1987baa3adc4b3c62c33bd1118c3ef5c8ddef36f0f2c950ae0b199e100d",
                "sha256:75facbe9606748f43428fc91a43edb46c7ff68889b91fa31f53b58894503a191",
                "sha256:787518a6789009c159453da4d6b683f468ef7a65bbde796bcea803ccf191058d",
                "sha256:78d6601aed50c74e0ef02f4204da1816147a6d3fbdc8b3872d263338a9052c51",
                "sha256:7c43e1e1206cd421cd92e6b3280d4385d41d7166b3ed577ac20444b6995a445f",
                "sha256:81e38381b782cc7e1e46c4e14cd997ee6040768101aefc8fa3c24a4cc58e98f8",
                "sha256:841293b17ad704d70c578f1f0013c890e219952169ce8a24ebc063eecf775454",
                "sha256:872b8ca05c40d309ed13eb2e582cab0c5a05e81e987ab9c521bf05ad1d5cf5cb",
                "sha256:877272cf6b4b7e94c9614f9b10140e198d2186363728ed0f701c6eee1baec1da",
                "sha256:8c808594c88a025d4e322d5bb549282c93c8e1ba71b790f539567932722d7bd8",
                "sha256:8ed58b8acf29798b036d347791141767ccf65eee7f26bde03a71c944449e53de",
                "sha256:91672bacaa030f92fc2f43b620d7b337fd9a5af28b0d6ed3f77afc43c4a64b5a",
                "sha256:968f44fdbf6dd757d12920d63b566eeb4d5b395fd2d00d29d7ef00a00582aac9",
                "sha256:9f85003f5dfa867e86d53fac6f7e6f30c045673fa27b603c397753bebadc3008",
                "sha256:a553dadda40fef6bfa1456dc4be49b113aa92c2a9a9e8711e955618cd69622e3",
                "sha256:a68b62a02953b9841730db7797422f983935aeefceb1679f0fc85cbfbd311c32",
                "sha256:abbe9fa13da955feb8202e215c4018f4bb57469b1b78c7a4c5c7b93001699938",
                "sha256:ad881edc7ccb9d65b0224f4e4d05a1e85cf62d73aab798943df6d48ab0cd79a1",
                "sha256:b1792d939ec70abe76f5054d3f36ed5656021dcad1322d1cc996d4e54165cef9",
                "sha256:b428ef021242344340460fa4c9185d0b1f66fbdbfecc6c63eff4b7c29fad429d",
                "sha256:b533558eae785e33e8c148a8d9921692a9fe5aa516efbdff8606e7d87b9d5824",
                "sha256:ba59c92039ec0a66103b1d5fe588fa546373587a7d68f5c96f743c3396afc04b",
                "sha256:bc8d3bd6c72b2dd9decf16ce70e20abcb3274ba01b4e1c96031e0c4067d1e7cd",
                "sha256:bc9db8a3efb3e403e4ecc6cd9489ea2bac94244f80c78e27c31dcc00d2790ac2",
                "sha256:bf7d9fce9bcc4752ca4a1b80aabd38f6d19009ea5cbda0e0856983cf6d0023f5",
                "sha256:c2dbb44c3f7e6c4d3487b31037b1bdbf424d97687c1747ce4ff2895795c9bf69",
                "sha256:c79ebe8f3676a4c6630fd3f777f3cfecf9289666c84e775a67d1d358578dc2e3",
                "sha256:c97528e64cb9ebeff9701e7938653a9951922f2a38bd847787d4a8e498cc83ae",
                "sha256:d0611a0a2a518464c05ddd5a3a1a0e856ccc10e67079bb17f265ad19ab3c7597",
                "sha256:d06adcfa62a4431d404c31216f0f8ac97397d799cd53800e9d3efc2fbb3cf14e",
                "sha256:d41997519fcba4a1e46eb4a2fe31bc12f0ff957b2b81bac28db24744f333e955",
                "sha256:d5b61785a9ce44e5a4b880272baa7cf6c8f48a5180c3e81c59553ba0cb0821ca",
                "sha256:da152d8cdcab0e56e4f45eb08b9aea6455845ec83172092f09b0e077ece2cf7a",
                "sha256:da7e547706e69e45d95e116e6939488d62174e033b763ab1496b4c29b76fabea",
                "sha256:db5283d90da4174865d520e7366801a93777201e91e79bacbac6e6927cbceede",
                "sha256:db608a6757adabb32f1cfe6066e39b3706d8c3aa69bbc353a5b61edad36a5cb4",
                "sha256:e0ea21f66820452a3f5d1655f8704a60d66ba1191359b96541eaf457710a5fc6",
                "sha256:e7da3fec7408813a7cebc9e4ec55afed2d0fd65c4754bc376bf03498d4e92686",
                "sha256:e92a513161077b53447160b9bd8f522edfbed4bd9759e4c18ab05d7ef7e49408",
                "sha256:ecb1fa0db7bf4cff9dac752abb19505a233c7f16684c5826d1f11ebd9472b871",
                "sha256:efda5fc8cc1c61e4f639b8067d118e742b812c930f708e6667a5ce0d13499e29",
                "sha256:f0a1dbdb5ecbef0d34eb77e56fcb3e95bbd7e50835d9782a45df81cc46949750",
                "sha256:f0a71d85ecdd570ded8ac3d1c0f480842f49a40beb423bb8014539a9f32a5897",
                "sha256:f4f270de01dd3e129a72efad823da90cc4d6aafb64c410c9033aba70db9f1ff0",
                "sha256:f6cb459eea32a4e2cf18ba5fcece2dbdf496384413bc1bae15583f19e567f3b2",
                "sha256:f8ad8285b01b0d4695102546b342b493b3ccc6781fc28c8c6a1bb63e95d22f09",
                "sha256:f9f39e2f049db33a908319cf46624a569b36983c7c78318e9726a4cb8923b26c"
            ],
            "markers": "python_version >= '3.7'",
            "version": "==1.4.4"
        },
        "matplotlib": {
            "hashes": [
                "sha256:0c19adc2f8d48114fc3d586d476877375e30f1229c24c9a81c2a451636f30a63",
                "sha256:104c3b6a5639094f0f49382c4d813bd6a439b1182ab8f7308981a010aa38ed01",
                "sha256:10a3d2a93019f17a2d3b39c1184a4b29bc9d68d0828c076e56074b50ba9c06b0",
                "sha256:216829ec2d42101cc6e8a6bdd58b0f07bab94ebf0718b70c4e78d9361f9e5729",
                "sha256:21cdded9a76a61d5352df0a6963dbc4510b0042ce4e3e8ed654ef5a63d978a19",
                "sha256:23d3329a574a44f161c5392301ec69b2579ad3b0c8a9024ceca7d967fff76057",
                "sha256:2d89ea5c58abd06295a62c114c5c34cbaed8677672c3489b08d1281cd85735d3",
                "sha256:332be602f2e2072ecad8ef1ab844c981573188a04899cdbbc534a9dcc2298378",
                "sha256:36ad2d5717d759d0c68959d170a0d6504f97e5f986c77aa62bd17f8386e7c9e0",
                "sha256:38fc4aea29adea5fba5e6b13a992a6e9de27462225470fc24b6937b899bc0583",
                "sha256:40a8c8a75f4511df6a0f70e5319474096772ee3bfedde4a3c362e8f970b33a36",
                "sha256:5126cd723d3f2c6d1318634fb2a34ce8c01dfb6eae164723e153f930cbeec2d6",
                "sha256:52c799bc8755947bfdebfd586325077a5efac4f074d2145adb84dc9c0c86b2d9",
                "sha256:564dd8fdc1824f6eb654adacc063a6d59aa182fb4a336ebb616ece5787f78546",
                "sha256:59c0872c957561117a79386d641869e8e3220ff80ffd5b00e165fe9bc236b24b",
                "sha256:5a0c627557d188b4cc650ca2cd92fa7519255dfb88538f8b56124b5ffb9f1d19",
                "sha256:5b8654af58c81b71cf24dc72829994d8c71ad549039ecf174bbe5ca54943f5df",
                "sha256:6096ada6aad59f9db42760c9c047792f46a4f984d77a9f0a6ec41a06d64ea879",
                "sha256:61f99ecd2d56817435eeb44bbf2c61bf821d8f6c1adeb9ddb4af14b191930d7a",
                "sha256:6d93df35667d09de71f3a8fb8205897798cc3170ef50b26eb72cf389e824ee33",
                "sha256:8470ba1d07bffd4f40cdcd7dfeb7f5235fc14f9debe43432c8ee7c2864af6ecb",
                "sha256:88a320b8f3a8c5f7bdb832b79b273ad30ebe2591020fc687ae598ff4d6204320",
                "sha256:8f1d5989f5ed53d899f52ad3ad538f043a8f00d7d10f4049093fdaee85a91adb",
                "sha256:92e04f898ae233044de10fe1821fe26c6e5c808ce8293f1ac07f5598fd6a7dd4",
                "sha256:a69810a21676f09fdb86e3d7f42c9bdf655aa6598f5a7b8835e86a4feff0e14d",
                "sha256:a7518323e0ead6a38b251515b809acb4837563cd182b2eb197db2c07c701fa21",
                "sha256:b693ef8ec48d2e84ba187fa7a0a1dea5d91e5f5b7b6970ecca06ee55aceda5b2",
                "sha256:b9330bfa5d2547f3a790b9e129ae8484700e0207aa582a2145815b3ae91b5729",
                "sha256:b9ff910dfe3d8f1d5fda5c7188c940de158029365962edb55eb3084321a4f71d",
                "sha256:bdf80f7d629af2f4734e9af333edf8a067c90d8ee844616ddd887fa0fd8f0c5b",
                "sha256:c44a30268ede193a137da083ed5bf01601d068042bce5c86814234c791ce0495",
                "sha256:cac0ed7bbcacbf0f57da69c0597bf058925ce575095f3bd16b0ae80d148d0269",
                "sha256:cf49bcec880742ac698e99046674fc227994c07760be3f504b653cf3c7607673",
                "sha256:d06a9121b39316f1910b9a013c4b35c2883cb20117e839263331610257995412",
                "sha256:dbd215db0260da6a3df6bba2e09ea6790ed79b02f0f493a22fea2f680d9f03ff",
                "sha256:df6b4a83e5c20e80090a8e441820ece2d1dc4905cf9204554ca98140bf47f9f0",
                "sha256:e1c2f1e7b4254e88ed08678ac343ce57294764d5e5731c3f7256c253477fef05",
                "sha256:eafc7a21c31875240a2c8ea82d99858c99f9c35b3d17b6a1485c471c5a5bd0c6",
                "sha256:efbfff89865199233adac644729e2ab83c1c8efaef7dcb151e4500149464d402",
                "sha256:f7500171ecbfa43f18ad934ab2781b35a722ee58f81efa1af50a2ed76da23d47",
                "sha256:fc36fb033bbdbb12edd6ce3719c66408a5fea636fe35c158034ca8c31b8be730"
            ],
            "index": "pypi",
            "version": "==3.6.0rc2"
        },
        "numpy": {
            "hashes": [
                "sha256:17e5226674f6ea79e14e3b91bfbc153fdf3ac13f5cc54ee7bc8fdbe820a32da0",
                "sha256:2bd879d3ca4b6f39b7770829f73278b7c5e248c91d538aab1e506c628353e47f",
                "sha256:4f41f5bf20d9a521f8cab3a34557cd77b6f205ab2116651f12959714494268b0",
                "sha256:5593f67e66dea4e237f5af998d31a43e447786b2154ba1ad833676c788f37cde",
                "sha256:5e28cd64624dc2354a349152599e55308eb6ca95a13ce6a7d5679ebff2962913",
                "sha256:633679a472934b1c20a12ed0c9a6c9eb167fbb4cb89031939bfd03dd9dbc62b8",
                "sha256:806970e69106556d1dd200e26647e9bee5e2b3f1814f9da104a943e8d548ca38",
                "sha256:806cc25d5c43e240db709875e947076b2826f47c2c340a5a2f36da5bb10c58d6",
                "sha256:8247f01c4721479e482cc2f9f7d973f3f47810cbc8c65e38fd1bbd3141cc9842",
                "sha256:8ebf7e194b89bc66b78475bd3624d92980fca4e5bb86dda08d677d786fefc414",
                "sha256:8ecb818231afe5f0f568c81f12ce50f2b828ff2b27487520d85eb44c71313b9e",
                "sha256:8f9d84a24889ebb4c641a9b99e54adb8cab50972f0166a3abc14c3b93163f074",
                "sha256:909c56c4d4341ec8315291a105169d8aae732cfb4c250fbc375a1efb7a844f8f",
                "sha256:9b83d48e464f393d46e8dd8171687394d39bc5abfe2978896b77dc2604e8635d",
                "sha256:ac987b35df8c2a2eab495ee206658117e9ce867acf3ccb376a19e83070e69418",
                "sha256:b78d00e48261fbbd04aa0d7427cf78d18401ee0abd89c7559bbf422e5b1c7d01",
                "sha256:b8b97a8a87cadcd3f94659b4ef6ec056261fa1e1c3317f4193ac231d4df70215",
                "sha256:bd5b7ccae24e3d8501ee5563e82febc1771e73bd268eef82a1e8d2b4d556ae66",
                "sha256:bdc02c0235b261925102b1bd586579b7158e9d0d07ecb61148a1799214a4afd5",
                "sha256:be6b350dfbc7f708d9d853663772a9310783ea58f6035eec649fb9c4371b5389",
                "sha256:c403c81bb8ffb1c993d0165a11493fd4bf1353d258f6997b3ee288b0a48fce77",
                "sha256:cf8c6aed12a935abf2e290860af8e77b26a042eb7f2582ff83dc7ed5f963340c",
                "sha256:d98addfd3c8728ee8b2c49126f3c44c703e2b005d4a95998e2167af176a9e722",
                "sha256:dc76bca1ca98f4b122114435f83f1fcf3c0fe48e4e6f660e07996abf2f53903c",
                "sha256:dec198619b7dbd6db58603cd256e092bcadef22a796f778bf87f8592b468441d",
                "sha256:df28dda02c9328e122661f399f7655cdcbcf22ea42daa3650a26bce08a187450",
                "sha256:e603ca1fb47b913942f3e660a15e55a9ebca906857edfea476ae5f0fe9b457d5",
                "sha256:ecfdd68d334a6b97472ed032b5b37a30d8217c097acfff15e8452c710e775524"
            ],
            "index": "pypi",
            "version": "==1.23.2"
        },
        "packaging": {
            "hashes": [
                "sha256:dd47c42927d89ab911e606518907cc2d3a1f38bbd026385970643f9c5b8ecfeb",
                "sha256:ef103e05f519cdc783ae24ea4e2e0f508a9c99b2d4969652eed6a2e1ea5bd522"
            ],
            "markers": "python_version >= '3.6'",
            "version": "==21.3"
        },
        "pandas": {
            "hashes": [
                "sha256:0329e22df7e85fd4cd4df5d186fad200fa879abc62583a2b0fa5919032b3e7d5",
                "sha256:0a3cfd8777f3eb9fa6df12ea6f4aea338a9205507eb12d8dca3b3f00cf4ffe17",
                "sha256:1002500cd99fbd00b4421f252ee7f8be5b6aabfeff29d5a744ec73ba3a917beb",
                "sha256:1db16e716aac37e0d77278526c59027bdd02701994586912d83f4bf10ef80a06",
                "sha256:1e2b9186b4d960043c47f62aeb489d88f74bfa574b486d4d2fd52bf496f94c23",
                "sha256:4517b8f426b152620143ada0059e3a4142802f9582372885eb56a509283ca216",
                "sha256:53400419ae6d9cec1cc8df719c0cbf7f76da9afd1725a1428993b112adb7f268",
                "sha256:61fbe9e0e638a606ad47e362af5d8c71e9d33e4e5824e5b8d3811cdb45aabc89",
                "sha256:6b842469bbdf1e7733c70b4e9bceee90ff8f421ad871cefb09d7e4d326557112",
                "sha256:774c07952f1da5c8813ca082744161797dfd05c9bd16f0afae8c9774e82e06e6",
                "sha256:7c0bd042e4d43c185f21a5616b98eaa0f5370ac816e633949a2c3ce922d35c0f",
                "sha256:a9a8b27f08c7fe9b9bdb8631e663af140cee0deeac102dee84c867633b460e2a",
                "sha256:b0cb459061105bc0927ebba493cb4cb745e43a18532b92e49000c4f34ea30eb9",
                "sha256:bc626256a6d430e96b6e47208c0e5f9ad0403558a2237873e68ec37ce321bf70",
                "sha256:bf99d2ba08dd476c3adf2baaa6e6ed16f78a35832146555260c08915e0633e3f",
                "sha256:c0df2515125d83489521e1edfebe7cab2276c9b2984a21dcc5e8ef563e4b8e0d",
                "sha256:c8867fc7722fc5f10c61ee7e8b76295c41d20d0f26b1f7341837476efca66601",
                "sha256:cba004d0d33a28722c89b41512d90398f8041d0c24492f794863db1ddcc7932f",
                "sha256:dac53ad9e6c45e1dae2263a6789aab79aa3b24b8974760ce22febe05b0b63865",
                "sha256:f972af3232d41f6c755682f3f11ba0e5f0cf546a7eb6b3beba36677c5fcb2ca0",
                "sha256:f9f763d6a88c21690a5cad79c6f3074c3b71e04f8d949edf1970d27f0d746cf5"
            ],
            "index": "pypi",
            "version": "==1.5.0rc0"
        },
        "pillow": {
            "hashes": [
                "sha256:0030fdbd926fb85844b8b92e2f9449ba89607231d3dd597a21ae72dc7fe26927",
                "sha256:030e3460861488e249731c3e7ab59b07c7853838ff3b8e16aac9561bb345da14",
                "sha256:0ed2c4ef2451de908c90436d6e8092e13a43992f1860275b4d8082667fbb2ffc",
                "sha256:136659638f61a251e8ed3b331fc6ccd124590eeff539de57c5f80ef3a9594e58",
                "sha256:13b725463f32df1bfeacbf3dd197fb358ae8ebcd8c5548faa75126ea425ccb60",
                "sha256:1536ad017a9f789430fb6b8be8bf99d2f214c76502becc196c6f2d9a75b01b76",
                "sha256:15928f824870535c85dbf949c09d6ae7d3d6ac2d6efec80f3227f73eefba741c",
                "sha256:17d4cafe22f050b46d983b71c707162d63d796a1235cdf8b9d7a112e97b15bac",
                "sha256:1802f34298f5ba11d55e5bb09c31997dc0c6aed919658dfdf0198a2fe75d5490",
                "sha256:1cc1d2451e8a3b4bfdb9caf745b58e6c7a77d2e469159b0d527a4554d73694d1",
                "sha256:1fd6f5e3c0e4697fa7eb45b6e93996299f3feee73a3175fa451f49a74d092b9f",
                "sha256:254164c57bab4b459f14c64e93df11eff5ded575192c294a0c49270f22c5d93d",
                "sha256:2ad0d4df0f5ef2247e27fc790d5c9b5a0af8ade9ba340db4a73bb1a4a3e5fb4f",
                "sha256:2c58b24e3a63efd22554c676d81b0e57f80e0a7d3a5874a7e14ce90ec40d3069",
                "sha256:2d33a11f601213dcd5718109c09a52c2a1c893e7461f0be2d6febc2879ec2402",
                "sha256:336b9036127eab855beec9662ac3ea13a4544a523ae273cbf108b228ecac8437",
                "sha256:337a74fd2f291c607d220c793a8135273c4c2ab001b03e601c36766005f36885",
                "sha256:37ff6b522a26d0538b753f0b4e8e164fdada12db6c6f00f62145d732d8a3152e",
                "sha256:3d1f14f5f691f55e1b47f824ca4fdcb4b19b4323fe43cc7bb105988cad7496be",
                "sha256:4134d3f1ba5f15027ff5c04296f13328fecd46921424084516bdb1b2548e66ff",
                "sha256:4ad2f835e0ad81d1689f1b7e3fbac7b01bb8777d5a985c8962bedee0cc6d43da",
                "sha256:50dff9cc21826d2977ef2d2a205504034e3a4563ca6f5db739b0d1026658e004",
                "sha256:510cef4a3f401c246cfd8227b300828715dd055463cdca6176c2e4036df8bd4f",
                "sha256:5aed7dde98403cd91d86a1115c78d8145c83078e864c1de1064f52e6feb61b20",
                "sha256:69bd1a15d7ba3694631e00df8de65a8cb031911ca11f44929c97fe05eb9b6c1d",
                "sha256:6bf088c1ce160f50ea40764f825ec9b72ed9da25346216b91361eef8ad1b8f8c",
                "sha256:6e8c66f70fb539301e064f6478d7453e820d8a2c631da948a23384865cd95544",
                "sha256:74a04183e6e64930b667d321524e3c5361094bb4af9083db5c301db64cd341f3",
                "sha256:75e636fd3e0fb872693f23ccb8a5ff2cd578801251f3a4f6854c6a5d437d3c04",
                "sha256:7761afe0126d046974a01e030ae7529ed0ca6a196de3ec6937c11df0df1bc91c",
                "sha256:7888310f6214f19ab2b6df90f3f06afa3df7ef7355fc025e78a3044737fab1f5",
                "sha256:7b0554af24df2bf96618dac71ddada02420f946be943b181108cac55a7a2dcd4",
                "sha256:7c7b502bc34f6e32ba022b4a209638f9e097d7a9098104ae420eb8186217ebbb",
                "sha256:808add66ea764ed97d44dda1ac4f2cfec4c1867d9efb16a33d158be79f32b8a4",
                "sha256:831e648102c82f152e14c1a0938689dbb22480c548c8d4b8b248b3e50967b88c",
                "sha256:93689632949aff41199090eff5474f3990b6823404e45d66a5d44304e9cdc467",
                "sha256:96b5e6874431df16aee0c1ba237574cb6dff1dcb173798faa6a9d8b399a05d0e",
                "sha256:9a54614049a18a2d6fe156e68e188da02a046a4a93cf24f373bffd977e943421",
                "sha256:a138441e95562b3c078746a22f8fca8ff1c22c014f856278bdbdd89ca36cff1b",
                "sha256:a647c0d4478b995c5e54615a2e5360ccedd2f85e70ab57fbe817ca613d5e63b8",
                "sha256:a9c9bc489f8ab30906d7a85afac4b4944a572a7432e00698a7239f44a44e6efb",
                "sha256:ad2277b185ebce47a63f4dc6302e30f05762b688f8dc3de55dbae4651872cdf3",
                "sha256:adabc0bce035467fb537ef3e5e74f2847c8af217ee0be0455d4fec8adc0462fc",
                "sha256:b6d5e92df2b77665e07ddb2e4dbd6d644b78e4c0d2e9272a852627cdba0d75cf",
                "sha256:bc431b065722a5ad1dfb4df354fb9333b7a582a5ee39a90e6ffff688d72f27a1",
                "sha256:bdd0de2d64688ecae88dd8935012c4a72681e5df632af903a1dca8c5e7aa871a",
                "sha256:c79698d4cd9318d9481d89a77e2d3fcaeff5486be641e60a4b49f3d2ecca4e28",
                "sha256:cb6259196a589123d755380b65127ddc60f4c64b21fc3bb46ce3a6ea663659b0",
                "sha256:d5b87da55a08acb586bad5c3aa3b86505f559b84f39035b233d5bf844b0834b1",
                "sha256:dcd7b9c7139dc8258d164b55696ecd16c04607f1cc33ba7af86613881ffe4ac8",
                "sha256:dfe4c1fedfde4e2fbc009d5ad420647f7730d719786388b7de0999bf32c0d9fd",
                "sha256:ea98f633d45f7e815db648fd7ff0f19e328302ac36427343e4432c84432e7ff4",
                "sha256:ec52c351b35ca269cb1f8069d610fc45c5bd38c3e91f9ab4cbbf0aebc136d9c8",
                "sha256:eef7592281f7c174d3d6cbfbb7ee5984a671fcd77e3fc78e973d492e9bf0eb3f",
                "sha256:f07f1f00e22b231dd3d9b9208692042e29792d6bd4f6639415d2f23158a80013",
                "sha256:f3fac744f9b540148fa7715a435d2283b71f68bfb6d4aae24482a890aed18b59",
                "sha256:fa768eff5f9f958270b081bb33581b4b569faabf8774726b283edb06617101dc",
                "sha256:fac2d65901fb0fdf20363fbd345c01958a742f2dc62a8dd4495af66e3ff502a4"
            ],
            "markers": "python_version >= '3.7'",
            "version": "==9.2.0"
        },
        "pyparsing": {
            "hashes": [
                "sha256:2b020ecf7d21b687f219b71ecad3631f644a47f01403fa1d1036b0c6416d70fb",
                "sha256:5026bae9a10eeaefb61dab2f09052b9f4307d44aee4eda64b309723d8d206bbc"
            ],
            "markers": "python_full_version >= '3.6.8'",
            "version": "==3.0.9"
        },
        "python-dateutil": {
            "hashes": [
                "sha256:0123cacc1627ae19ddf3c27a5de5bd67ee4586fbdd6440d9748f8abb483d3e86",
                "sha256:961d03dc3453ebbc59dbdea9e4e11c5651520a876d0f4db161e8674aae935da9"
            ],
            "markers": "python_version >= '2.7' and python_version not in '3.0, 3.1, 3.2, 3.3'",
            "version": "==2.8.2"
        },
        "pytz": {
            "hashes": [
                "sha256:220f481bdafa09c3955dfbdddb7b57780e9a94f5127e35456a48589b9e0c0197",
                "sha256:cea221417204f2d1a2aa03ddae3e867921971d0d76f14d87abb4414415bbdcf5"
            ],
            "version": "==2022.2.1"
        },
        "scikit-learn": {
            "hashes": [
                "sha256:1c8fecb7c9984d9ec2ea48898229f98aad681a0873e0935f2b7f724fbce4a047",
                "sha256:2b8db962360c93554cab7bb3c096c4a24695da394dd4b3c3f13409f409b425bc",
                "sha256:2f46c6e3ff1054a5ec701646dcfd61d43b8ecac4d416014daed8843cf4c33d4d",
                "sha256:3e7d1fc817867a350133f937aaebcafbc06192517cbdf0cf7e5774ad4d1adb9f",
                "sha256:407e9a1cb9e6ba458a539986a9bd25546a757088095b3aab91d465b79a760d37",
                "sha256:567417dbbe6a6278399c3e6daf1654414a5a1a4d818d28f251fa7fc28730a1bf",
                "sha256:589d46f28460469f444b898223b13d99db9463e1038dc581ba698111f612264b",
                "sha256:5ec3ea40d467966821843210c02117d82b097b54276fdcfb50f4dfb5c60dbe39",
                "sha256:6c840f662b5d3377c4ccb8be1fc21bb52cb5d8b8790f8d6bf021739f84e543cf",
                "sha256:76800652fb6d6bf527bce36ecc2cc25738b28fe1a17bd294a218fff8e8bd6d50",
                "sha256:7c22d1305b16f08d57751a4ea36071e2215efb4c09cb79183faa4e8e82a3dbf8",
                "sha256:a682ec0f82b6f30fb07486daed1c8001b6683cc66b51877644dfc532bece6a18",
                "sha256:a90ca42fe8242fd6ff56cda2fecc5fca586a88a24ab602d275d2d0dcc0b928fb",
                "sha256:b1e706deca9b2ad87ae27dafd5ac4e8eff01b6db492ed5c12cef4735ec5f21ea",
                "sha256:bbef6ea1c012ff9f3e6f6e9ca006b8772d8383e177b898091e68fbd9b3f840f9",
                "sha256:c33e16e9a165af6012f5be530ccfbb672e2bc5f9b840238a05eb7f6694304e3f",
                "sha256:d6f232779023c3b060b80b5c82e5823723bc424dcac1d1a148aa2492c54d245d",
                "sha256:f94c0146bad51daef919c402a3da8c1c6162619653e1c00c92baa168fda292f2"
            ],
            "markers": "python_version >= '3.8'",
            "version": "==1.1.2"
        },
        "scipy": {
            "hashes": [
                "sha256:0419485dbcd0ed78c0d5bf234c5dd63e86065b39b4d669e45810d42199d49521",
                "sha256:09412eb7fb60b8f00b328037fd814d25d261066ebc43a1e339cdce4f7502877e",
                "sha256:26d28c468900e6d5fdb37d2812ab46db0ccd22c63baa095057871faa3a498bc9",
                "sha256:34441dfbee5b002f9e15285014fd56e5e3372493c3e64ae297bae2c4b9659f5a",
                "sha256:39ab9240cd215a9349c85ab908dda6d732f7d3b4b192fa05780812495536acc4",
                "sha256:3bc1ab68b9a096f368ba06c3a5e1d1d50957a86665fc929c4332d21355e7e8f4",
                "sha256:3c6f5d1d4b9a5e4fe5e14f26ffc9444fc59473bbf8d45dc4a9a15283b7063a72",
                "sha256:47d1a95bd9d37302afcfe1b84c8011377c4f81e33649c5a5785db9ab827a6ade",
                "sha256:71487c503e036740635f18324f62a11f283a632ace9d35933b2b0a04fd898c98",
                "sha256:7a412c476a91b080e456229e413792bbb5d6202865dae963d1e6e28c2bb58691",
                "sha256:825951b88f56765aeb6e5e38ac9d7d47407cfaaeb008d40aa1b45a2d7ea2731e",
                "sha256:8cc81ac25659fec73599ccc52c989670e5ccd8974cf34bacd7b54a8d809aff1a",
                "sha256:8d3faa40ac16c6357aaf7ea50394ea6f1e8e99d75e927a51102b1943b311b4d9",
                "sha256:90c805f30c46cf60f1e76e947574f02954d25e3bb1e97aa8a07bc53aa31cf7d1",
                "sha256:96d7cf7b25c9f23c59a766385f6370dab0659741699ecc7a451f9b94604938ce",
                "sha256:b97b479f39c7e4aaf807efd0424dec74bbb379108f7d22cf09323086afcd312c",
                "sha256:bc4e2c77d4cd015d739e75e74ebbafed59ba8497a7ed0fd400231ed7683497c4",
                "sha256:c61b4a91a702e8e04aeb0bfc40460e1f17a640977c04dda8757efb0199c75332",
                "sha256:d79da472015d0120ba9b357b28a99146cd6c17b9609403164b1a8ed149b4dfc8",
                "sha256:e8fe305d9d67a81255e06203454729405706907dccbdfcc330b7b3482a6c371d",
                "sha256:eb954f5aca4d26f468bbebcdc5448348eb287f7bea536c6306f62ea062f63d9a",
                "sha256:f7c39f7dbb57cce00c108d06d731f3b0e2a4d3a95c66d96bce697684876ce4d4",
                "sha256:f950a04b33e17b38ff561d5a0951caf3f5b47caa841edd772ffb7959f20a6af0"
            ],
            "markers": "python_version < '3.12' and python_version >= '3.8'",
            "version": "==1.9.1"
        },
        "seaborn": {
            "hashes": [
                "sha256:893f17292d8baca616c1578ddb58eb25c72d622f54fc5ee329c8207dc9b57b23",
                "sha256:cbeff3deef7c2515aa0af99b2c7e02dc5bf8b42c936a74d8e4b416905b549db0"
            ],
            "index": "pypi",
            "version": "==0.12.0"
        },
        "six": {
            "hashes": [
                "sha256:1e61c37477a1626458e36f7b1d82aa5c9b094fa4802892072e49de9c60c4c926",
                "sha256:8abb2f1d86890a2dfb989f9a77cfcfd3e47c2a354b01111771326f8aa26e0254"
            ],
            "markers": "python_version >= '2.7' and python_version not in '3.0, 3.1, 3.2, 3.3'",
            "version": "==1.16.0"
        },
        "sklearn": {
            "hashes": [
                "sha256:e23001573aa194b834122d2b9562459bf5ae494a2d59ca6b8aa22c85a44c0e31"
            ],
            "index": "pypi",
            "version": "==0.0"
        },
        "threadpoolctl": {
            "hashes": [
                "sha256:8b99adda265feb6773280df41eece7b2e6561b772d21ffd52e372f999024907b",
                "sha256:a335baacfaa4400ae1f0d8e3a58d6674d2f8828e3716bb2802c44955ad391380"
            ],
            "markers": "python_version >= '3.6'",
            "version": "==3.1.0"
        }
    },
    "develop": {
        "black": {
            "hashes": [
                "sha256:0a12e4e1353819af41df998b02c6742643cfef58282915f781d0e4dd7a200411",
                "sha256:0ad827325a3a634bae88ae7747db1a395d5ee02cf05d9aa7a9bd77dfb10e940c",
                "sha256:32a4b17f644fc288c6ee2bafdf5e3b045f4eff84693ac069d87b1a347d861497",
                "sha256:3b2c25f8dea5e8444bdc6788a2f543e1fb01494e144480bc17f806178378005e",
                "sha256:4a098a69a02596e1f2a58a2a1c8d5a05d5a74461af552b371e82f9fa4ada8342",
                "sha256:5107ea36b2b61917956d018bd25129baf9ad1125e39324a9b18248d362156a27",
                "sha256:53198e28a1fb865e9fe97f88220da2e44df6da82b18833b588b1883b16bb5d41",
                "sha256:5594efbdc35426e35a7defa1ea1a1cb97c7dbd34c0e49af7fb593a36bd45edab",
                "sha256:5b879eb439094751185d1cfdca43023bc6786bd3c60372462b6f051efa6281a5",
                "sha256:78dd85caaab7c3153054756b9fe8c611efa63d9e7aecfa33e533060cb14b6d16",
                "sha256:792f7eb540ba9a17e8656538701d3eb1afcb134e3b45b71f20b25c77a8db7e6e",
                "sha256:8ce13ffed7e66dda0da3e0b2eb1bdfc83f5812f66e09aca2b0978593ed636b6c",
                "sha256:a05da0430bd5ced89176db098567973be52ce175a55677436a271102d7eaa3fe",
                "sha256:a983526af1bea1e4cf6768e649990f28ee4f4137266921c2c3cee8116ae42ec3",
                "sha256:bc4d4123830a2d190e9cc42a2e43570f82ace35c3aeb26a512a2102bce5af7ec",
                "sha256:c3a73f66b6d5ba7288cd5d6dad9b4c9b43f4e8a4b789a94bf5abfb878c663eb3",
                "sha256:ce957f1d6b78a8a231b18e0dd2d94a33d2ba738cd88a7fe64f53f659eea49fdd",
                "sha256:cea1b2542d4e2c02c332e83150e41e3ca80dc0fb8de20df3c5e98e242156222c",
                "sha256:d2c21d439b2baf7aa80d6dd4e3659259be64c6f49dfd0f32091063db0e006db4",
                "sha256:d839150f61d09e7217f52917259831fe2b689f5c8e5e32611736351b89bb2a90",
                "sha256:dd82842bb272297503cbec1a2600b6bfb338dae017186f8f215c8958f8acf869",
                "sha256:e8166b7bfe5dcb56d325385bd1d1e0f635f24aae14b3ae437102dedc0c186747",
                "sha256:e981e20ec152dfb3e77418fb616077937378b322d7b26aa1ff87717fb18b4875"
            ],
            "index": "pypi",
            "version": "==22.8.0"
        },
        "click": {
            "hashes": [
                "sha256:7682dc8afb30297001674575ea00d1814d808d6a36af415a82bd481d37ba7b8e",
                "sha256:bb4d8133cb15a609f44e8213d9b391b0809795062913b383c62be0ee95b1db48"
            ],
            "markers": "python_version >= '3.7'",
            "version": "==8.1.3"
        },
        "flake8": {
            "hashes": [
                "sha256:6fbe320aad8d6b95cec8b8e47bc933004678dc63095be98528b7bdd2a9f510db",
                "sha256:7a1cf6b73744f5806ab95e526f6f0d8c01c66d7bbe349562d22dfca20610b248"
            ],
            "index": "pypi",
            "version": "==5.0.4"
        },
        "mccabe": {
            "hashes": [
                "sha256:348e0240c33b60bbdf4e523192ef919f28cb2c3d7d5c7794f74009290f236325",
                "sha256:6c2d30ab6be0e4a46919781807b4f0d834ebdd6c6e3dca0bda5a15f863427b6e"
            ],
            "markers": "python_version >= '3.6'",
            "version": "==0.7.0"
        },
        "mypy-extensions": {
            "hashes": [
                "sha256:090fedd75945a69ae91ce1303b5824f428daf5a028d2f6ab8a299250a846f15d",
                "sha256:2d82818f5bb3e369420cb3c4060a7970edba416647068eb4c5343488a6c604a8"
            ],
            "version": "==0.4.3"
        },
        "pathspec": {
            "hashes": [
                "sha256:46846318467efc4556ccfd27816e004270a9eeeeb4d062ce5e6fc7a87c573f93",
                "sha256:7ace6161b621d31e7902eb6b5ae148d12cfd23f4a249b9ffb6b9fee12084323d"
            ],
            "markers": "python_version >= '3.7'",
            "version": "==0.10.1"
        },
        "platformdirs": {
            "hashes": [
                "sha256:027d8e83a2d7de06bbac4e5ef7e023c02b863d7ea5d079477e722bb41ab25788",
                "sha256:58c8abb07dcb441e6ee4b11d8df0ac856038f944ab98b7be6b27b2a3c7feef19"
            ],
            "markers": "python_version >= '3.7'",
            "version": "==2.5.2"
        },
        "pycodestyle": {
            "hashes": [
                "sha256:2c9607871d58c76354b697b42f5d57e1ada7d261c261efac224b664affdc5785",
                "sha256:d1735fc58b418fd7c5f658d28d943854f8a849b01a5d0a1e6f3f3fdd0166804b"
            ],
            "markers": "python_version >= '3.6'",
            "version": "==2.9.1"
        },
        "pyflakes": {
            "hashes": [
                "sha256:4579f67d887f804e67edb544428f264b7b24f435b263c4614f384135cea553d2",
                "sha256:491feb020dca48ccc562a8c0cbe8df07ee13078df59813b83959cbdada312ea3"
            ],
            "markers": "python_version >= '3.6'",
            "version": "==2.5.0"
        },
        "tomli": {
            "hashes": [
                "sha256:939de3e7a6161af0c887ef91b7d41a53e7c5a1ca976325f429cb46ea9bc30ecc",
                "sha256:de526c12914f0c550d15924c62d72abc48d6fe7364aa87328337a31007fe8a4f"
            ],
            "markers": "python_full_version < '3.11.0a7'",
            "version": "==2.0.1"
        },
        "typing-extensions": {
            "hashes": [
                "sha256:25642c956049920a5aa49edcdd6ab1e06d7e5d467fc00e0506c44ac86fbfca02",
                "sha256:e6d2677a32f47fc7eb2795db1dd15c1f34eff616bcaf2cfb5e997f854fa1c4a6"
            ],
            "markers": "python_version < '3.10'",
            "version": "==4.3.0"
        }
    }
}
